// !$*UTF8*$!
{
	archiveVersion = 1;
	classes = {
	};
	objectVersion = 46;
	objects = {

/* Begin PBXBuildFile section */
		9A59BD511BFC4816007780C4 /* AppDelegate.swift in Sources */ = {isa = PBXBuildFile; fileRef = 9A59BD501BFC4816007780C4 /* AppDelegate.swift */; };
		9A59BD531BFC4816007780C4 /* ViewController.swift in Sources */ = {isa = PBXBuildFile; fileRef = 9A59BD521BFC4816007780C4 /* ViewController.swift */; };
		9A59BD561BFC4816007780C4 /* Main.storyboard in Resources */ = {isa = PBXBuildFile; fileRef = 9A59BD541BFC4816007780C4 /* Main.storyboard */; };
		9A59BD591BFC4817007780C4 /* SpinnerStackViewSwift.xcdatamodeld in Sources */ = {isa = PBXBuildFile; fileRef = 9A59BD571BFC4817007780C4 /* SpinnerStackViewSwift.xcdatamodeld */; };
		9A59BD5B1BFC4817007780C4 /* Assets.xcassets in Resources */ = {isa = PBXBuildFile; fileRef = 9A59BD5A1BFC4817007780C4 /* Assets.xcassets */; };
		9A59BD5E1BFC4817007780C4 /* LaunchScreen.storyboard in Resources */ = {isa = PBXBuildFile; fileRef = 9A59BD5C1BFC4817007780C4 /* LaunchScreen.storyboard */; };
		9A59BD691BFC4817007780C4 /* SpinnerStackViewSwiftTests.swift in Sources */ = {isa = PBXBuildFile; fileRef = 9A59BD681BFC4817007780C4 /* SpinnerStackViewSwiftTests.swift */; };
		9A59BD741BFC4817007780C4 /* SpinnerStackViewSwiftUITests.swift in Sources */ = {isa = PBXBuildFile; fileRef = 9A59BD731BFC4817007780C4 /* SpinnerStackViewSwiftUITests.swift */; };
/* End PBXBuildFile section */

/* Begin PBXContainerItemProxy section */
		9A59BD651BFC4817007780C4 /* PBXContainerItemProxy */ = {
			isa = PBXContainerItemProxy;
			containerPortal = 9A59BD451BFC4816007780C4 /* Project object */;
			proxyType = 1;
			remoteGlobalIDString = 9A59BD4C1BFC4816007780C4;
			remoteInfo = SpinnerStackViewSwift;
		};
		9A59BD701BFC4817007780C4 /* PBXContainerItemProxy */ = {
			isa = PBXContainerItemProxy;
			containerPortal = 9A59BD451BFC4816007780C4 /* Project object */;
			proxyType = 1;
			remoteGlobalIDString = 9A59BD4C1BFC4816007780C4;
			remoteInfo = SpinnerStackViewSwift;
		};
/* End PBXContainerItemProxy section */

/* Begin PBXFileReference section */
		9A59BD4D1BFC4816007780C4 /* SpinnerStackViewSwift.app */ = {isa = PBXFileReference; explicitFileType = wrapper.application; includeInIndex = 0; path = SpinnerStackViewSwift.app; sourceTree = BUILT_PRODUCTS_DIR; };
		9A59BD501BFC4816007780C4 /* AppDelegate.swift */ = {isa = PBXFileReference; lastKnownFileType = sourcecode.swift; path = AppDelegate.swift; sourceTree = "<group>"; };
		9A59BD521BFC4816007780C4 /* ViewController.swift */ = {isa = PBXFileReference; lastKnownFileType = sourcecode.swift; path = ViewController.swift; sourceTree = "<group>"; };
		9A59BD551BFC4816007780C4 /* Base */ = {isa = PBXFileReference; lastKnownFileType = file.storyboard; name = Base; path = Base.lproj/Main.storyboard; sourceTree = "<group>"; };
		9A59BD581BFC4817007780C4 /* SpinnerStackViewSwift.xcdatamodel */ = {isa = PBXFileReference; lastKnownFileType = wrapper.xcdatamodel; path = SpinnerStackViewSwift.xcdatamodel; sourceTree = "<group>"; };
		9A59BD5A1BFC4817007780C4 /* Assets.xcassets */ = {isa = PBXFileReference; lastKnownFileType = folder.assetcatalog; path = Assets.xcassets; sourceTree = "<group>"; };
		9A59BD5D1BFC4817007780C4 /* Base */ = {isa = PBXFileReference; lastKnownFileType = file.storyboard; name = Base; path = Base.lproj/LaunchScreen.storyboard; sourceTree = "<group>"; };
		9A59BD5F1BFC4817007780C4 /* Info.plist */ = {isa = PBXFileReference; lastKnownFileType = text.plist.xml; path = Info.plist; sourceTree = "<group>"; };
		9A59BD641BFC4817007780C4 /* SpinnerStackViewSwiftTests.xctest */ = {isa = PBXFileReference; explicitFileType = wrapper.cfbundle; includeInIndex = 0; path = SpinnerStackViewSwiftTests.xctest; sourceTree = BUILT_PRODUCTS_DIR; };
		9A59BD681BFC4817007780C4 /* SpinnerStackViewSwiftTests.swift */ = {isa = PBXFileReference; lastKnownFileType = sourcecode.swift; path = SpinnerStackViewSwiftTests.swift; sourceTree = "<group>"; };
		9A59BD6A1BFC4817007780C4 /* Info.plist */ = {isa = PBXFileReference; lastKnownFileType = text.plist.xml; path = Info.plist; sourceTree = "<group>"; };
		9A59BD6F1BFC4817007780C4 /* SpinnerStackViewSwiftUITests.xctest */ = {isa = PBXFileReference; explicitFileType = wrapper.cfbundle; includeInIndex = 0; path = SpinnerStackViewSwiftUITests.xctest; sourceTree = BUILT_PRODUCTS_DIR; };
		9A59BD731BFC4817007780C4 /* SpinnerStackViewSwiftUITests.swift */ = {isa = PBXFileReference; lastKnownFileType = sourcecode.swift; path = SpinnerStackViewSwiftUITests.swift; sourceTree = "<group>"; };
		9A59BD751BFC4817007780C4 /* Info.plist */ = {isa = PBXFileReference; lastKnownFileType = text.plist.xml; path = Info.plist; sourceTree = "<group>"; };
/* End PBXFileReference section */

/* Begin PBXFrameworksBuildPhase section */
		9A59BD4A1BFC4816007780C4 /* Frameworks */ = {
			isa = PBXFrameworksBuildPhase;
			buildActionMask = 2147483647;
			files = (
			);
			runOnlyForDeploymentPostprocessing = 0;
		};
		9A59BD611BFC4817007780C4 /* Frameworks */ = {
			isa = PBXFrameworksBuildPhase;
			buildActionMask = 2147483647;
			files = (
			);
			runOnlyForDeploymentPostprocessing = 0;
		};
		9A59BD6C1BFC4817007780C4 /* Frameworks */ = {
			isa = PBXFrameworksBuildPhase;
			buildActionMask = 2147483647;
			files = (
			);
			runOnlyForDeploymentPostprocessing = 0;
		};
/* End PBXFrameworksBuildPhase section */

/* Begin PBXGroup section */
		9A59BD441BFC4816007780C4 = {
			isa = PBXGroup;
			children = (
				9A59BD4F1BFC4816007780C4 /* SpinnerStackViewSwift */,
				9A59BD671BFC4817007780C4 /* SpinnerStackViewSwiftTests */,
				9A59BD721BFC4817007780C4 /* SpinnerStackViewSwiftUITests */,
				9A59BD4E1BFC4816007780C4 /* Products */,
			);
			sourceTree = "<group>";
		};
		9A59BD4E1BFC4816007780C4 /* Products */ = {
			isa = PBXGroup;
			children = (
				9A59BD4D1BFC4816007780C4 /* SpinnerStackViewSwift.app */,
				9A59BD641BFC4817007780C4 /* SpinnerStackViewSwiftTests.xctest */,
				9A59BD6F1BFC4817007780C4 /* SpinnerStackViewSwiftUITests.xctest */,
			);
			name = Products;
			sourceTree = "<group>";
		};
		9A59BD4F1BFC4816007780C4 /* SpinnerStackViewSwift */ = {
			isa = PBXGroup;
			children = (
				9A59BD501BFC4816007780C4 /* AppDelegate.swift */,
				9A59BD521BFC4816007780C4 /* ViewController.swift */,
				9A59BD541BFC4816007780C4 /* Main.storyboard */,
				9A59BD5A1BFC4817007780C4 /* Assets.xcassets */,
				9A59BD5C1BFC4817007780C4 /* LaunchScreen.storyboard */,
				9A59BD5F1BFC4817007780C4 /* Info.plist */,
				9A59BD571BFC4817007780C4 /* SpinnerStackViewSwift.xcdatamodeld */,
			);
			path = SpinnerStackViewSwift;
			sourceTree = "<group>";
		};
		9A59BD671BFC4817007780C4 /* SpinnerStackViewSwiftTests */ = {
			isa = PBXGroup;
			children = (
				9A59BD681BFC4817007780C4 /* SpinnerStackViewSwiftTests.swift */,
				9A59BD6A1BFC4817007780C4 /* Info.plist */,
			);
			path = SpinnerStackViewSwiftTests;
			sourceTree = "<group>";
		};
		9A59BD721BFC4817007780C4 /* SpinnerStackViewSwiftUITests */ = {
			isa = PBXGroup;
			children = (
				9A59BD731BFC4817007780C4 /* SpinnerStackViewSwiftUITests.swift */,
				9A59BD751BFC4817007780C4 /* Info.plist */,
			);
			path = SpinnerStackViewSwiftUITests;
			sourceTree = "<group>";
		};
/* End PBXGroup section */

/* Begin PBXNativeTarget section */
		9A59BD4C1BFC4816007780C4 /* SpinnerStackViewSwift */ = {
			isa = PBXNativeTarget;
			buildConfigurationList = 9A59BD781BFC4817007780C4 /* Build configuration list for PBXNativeTarget "SpinnerStackViewSwift" */;
			buildPhases = (
				9A59BD491BFC4816007780C4 /* Sources */,
				9A59BD4A1BFC4816007780C4 /* Frameworks */,
				9A59BD4B1BFC4816007780C4 /* Resources */,
			);
			buildRules = (
			);
			dependencies = (
			);
			name = SpinnerStackViewSwift;
			productName = SpinnerStackViewSwift;
			productReference = 9A59BD4D1BFC4816007780C4 /* SpinnerStackViewSwift.app */;
			productType = "com.apple.product-type.application";
		};
		9A59BD631BFC4817007780C4 /* SpinnerStackViewSwiftTests */ = {
			isa = PBXNativeTarget;
			buildConfigurationList = 9A59BD7B1BFC4817007780C4 /* Build configuration list for PBXNativeTarget "SpinnerStackViewSwiftTests" */;
			buildPhases = (
				9A59BD601BFC4817007780C4 /* Sources */,
				9A59BD611BFC4817007780C4 /* Frameworks */,
				9A59BD621BFC4817007780C4 /* Resources */,
			);
			buildRules = (
			);
			dependencies = (
				9A59BD661BFC4817007780C4 /* PBXTargetDependency */,
			);
			name = SpinnerStackViewSwiftTests;
			productName = SpinnerStackViewSwiftTests;
			productReference = 9A59BD641BFC4817007780C4 /* SpinnerStackViewSwiftTests.xctest */;
			productType = "com.apple.product-type.bundle.unit-test";
		};
		9A59BD6E1BFC4817007780C4 /* SpinnerStackViewSwiftUITests */ = {
			isa = PBXNativeTarget;
			buildConfigurationList = 9A59BD7E1BFC4817007780C4 /* Build configuration list for PBXNativeTarget "SpinnerStackViewSwiftUITests" */;
			buildPhases = (
				9A59BD6B1BFC4817007780C4 /* Sources */,
				9A59BD6C1BFC4817007780C4 /* Frameworks */,
				9A59BD6D1BFC4817007780C4 /* Resources */,
			);
			buildRules = (
			);
			dependencies = (
				9A59BD711BFC4817007780C4 /* PBXTargetDependency */,
			);
			name = SpinnerStackViewSwiftUITests;
			productName = SpinnerStackViewSwiftUITests;
			productReference = 9A59BD6F1BFC4817007780C4 /* SpinnerStackViewSwiftUITests.xctest */;
			productType = "com.apple.product-type.bundle.ui-testing";
		};
/* End PBXNativeTarget section */

/* Begin PBXProject section */
		9A59BD451BFC4816007780C4 /* Project object */ = {
			isa = PBXProject;
			attributes = {
				LastSwiftUpdateCheck = 0710;
				LastUpgradeCheck = 0710;
				ORGANIZATIONNAME = wflogin;
				TargetAttributes = {
					9A59BD4C1BFC4816007780C4 = {
						CreatedOnToolsVersion = 7.1.1;
					};
					9A59BD631BFC4817007780C4 = {
						CreatedOnToolsVersion = 7.1.1;
						TestTargetID = 9A59BD4C1BFC4816007780C4;
					};
					9A59BD6E1BFC4817007780C4 = {
						CreatedOnToolsVersion = 7.1.1;
						TestTargetID = 9A59BD4C1BFC4816007780C4;
					};
				};
			};
			buildConfigurationList = 9A59BD481BFC4816007780C4 /* Build configuration list for PBXProject "SpinnerStackViewSwift" */;
			compatibilityVersion = "Xcode 3.2";
			developmentRegion = English;
			hasScannedForEncodings = 0;
			knownRegions = (
				en,
				Base,
			);
			mainGroup = 9A59BD441BFC4816007780C4;
			productRefGroup = 9A59BD4E1BFC4816007780C4 /* Products */;
			projectDirPath = "";
			projectRoot = "";
			targets = (
				9A59BD4C1BFC4816007780C4 /* SpinnerStackViewSwift */,
				9A59BD631BFC4817007780C4 /* SpinnerStackViewSwiftTests */,
				9A59BD6E1BFC4817007780C4 /* SpinnerStackViewSwiftUITests */,
			);
		};
/* End PBXProject section */

/* Begin PBXResourcesBuildPhase section */
		9A59BD4B1BFC4816007780C4 /* Resources */ = {
			isa = PBXResourcesBuildPhase;
			buildActionMask = 2147483647;
			files = (
				9A59BD5E1BFC4817007780C4 /* LaunchScreen.storyboard in Resources */,
				9A59BD5B1BFC4817007780C4 /* Assets.xcassets in Resources */,
				9A59BD561BFC4816007780C4 /* Main.storyboard in Resources */,
			);
			runOnlyForDeploymentPostprocessing = 0;
		};
		9A59BD621BFC4817007780C4 /* Resources */ = {
			isa = PBXResourcesBuildPhase;
			buildActionMask = 2147483647;
			files = (
			);
			runOnlyForDeploymentPostprocessing = 0;
		};
		9A59BD6D1BFC4817007780C4 /* Resources */ = {
			isa = PBXResourcesBuildPhase;
			buildActionMask = 2147483647;
			files = (
			);
			runOnlyForDeploymentPostprocessing = 0;
		};
/* End PBXResourcesBuildPhase section */

/* Begin PBXSourcesBuildPhase section */
		9A59BD491BFC4816007780C4 /* Sources */ = {
			isa = PBXSourcesBuildPhase;
			buildActionMask = 2147483647;
			files = (
				9A59BD591BFC4817007780C4 /* SpinnerStackViewSwift.xcdatamodeld in Sources */,
				9A59BD531BFC4816007780C4 /* ViewController.swift in Sources */,
				9A59BD511BFC4816007780C4 /* AppDelegate.swift in Sources */,
			);
			runOnlyForDeploymentPostprocessing = 0;
		};
		9A59BD601BFC4817007780C4 /* Sources */ = {
			isa = PBXSourcesBuildPhase;
			buildActionMask = 2147483647;
			files = (
				9A59BD691BFC4817007780C4 /* SpinnerStackViewSwiftTests.swift in Sources */,
			);
			runOnlyForDeploymentPostprocessing = 0;
		};
		9A59BD6B1BFC4817007780C4 /* Sources */ = {
			isa = PBXSourcesBuildPhase;
			buildActionMask = 2147483647;
			files = (
				9A59BD741BFC4817007780C4 /* SpinnerStackViewSwiftUITests.swift in Sources */,
			);
			runOnlyForDeploymentPostprocessing = 0;
		};
/* End PBXSourcesBuildPhase section */

/* Begin PBXTargetDependency section */
		9A59BD661BFC4817007780C4 /* PBXTargetDependency */ = {
			isa = PBXTargetDependency;
			target = 9A59BD4C1BFC4816007780C4 /* SpinnerStackViewSwift */;
			targetProxy = 9A59BD651BFC4817007780C4 /* PBXContainerItemProxy */;
		};
		9A59BD711BFC4817007780C4 /* PBXTargetDependency */ = {
			isa = PBXTargetDependency;
			target = 9A59BD4C1BFC4816007780C4 /* SpinnerStackViewSwift */;
			targetProxy = 9A59BD701BFC4817007780C4 /* PBXContainerItemProxy */;
		};
/* End PBXTargetDependency section */

/* Begin PBXVariantGroup section */
		9A59BD541BFC4816007780C4 /* Main.storyboard */ = {
			isa = PBXVariantGroup;
			children = (
				9A59BD551BFC4816007780C4 /* Base */,
			);
			name = Main.storyboard;
			sourceTree = "<group>";
		};
		9A59BD5C1BFC4817007780C4 /* LaunchScreen.storyboard */ = {
			isa = PBXVariantGroup;
			children = (
				9A59BD5D1BFC4817007780C4 /* Base */,
			);
			name = LaunchScreen.storyboard;
			sourceTree = "<group>";
		};
/* End PBXVariantGroup section */

/* Begin XCBuildConfiguration section */
		9A59BD761BFC4817007780C4 /* Debug */ = {
			isa = XCBuildConfiguration;
			buildSettings = {
				ALWAYS_SEARCH_USER_PATHS = NO;
				CLANG_CXX_LANGUAGE_STANDARD = "gnu++0x";
				CLANG_CXX_LIBRARY = "libc++";
				CLANG_ENABLE_MODULES = YES;
				CLANG_ENABLE_OBJC_ARC = YES;
				CLANG_WARN_BOOL_CONVERSION = YES;
				CLANG_WARN_CONSTANT_CONVERSION = YES;
				CLANG_WARN_DIRECT_OBJC_ISA_USAGE = YES_ERROR;
				CLANG_WARN_EMPTY_BODY = YES;
				CLANG_WARN_ENUM_CONVERSION = YES;
				CLANG_WARN_INT_CONVERSION = YES;
				CLANG_WARN_OBJC_ROOT_CLASS = YES_ERROR;
				CLANG_WARN_UNREACHABLE_CODE = YES;
				CLANG_WARN__DUPLICATE_METHOD_MATCH = YES;
				"CODE_SIGN_IDENTITY[sdk=iphoneos*]" = "iPhone Developer";
				COPY_PHASE_STRIP = NO;
				DEBUG_INFORMATION_FORMAT = dwarf;
				ENABLE_STRICT_OBJC_MSGSEND = YES;
				ENABLE_TESTABILITY = YES;
				GCC_C_LANGUAGE_STANDARD = gnu99;
				GCC_DYNAMIC_NO_PIC = NO;
				GCC_NO_COMMON_BLOCKS = YES;
				GCC_OPTIMIZATION_LEVEL = 0;
				GCC_PREPROCESSOR_DEFINITIONS = (
					"DEBUG=1",
					"$(inherited)",
				);
				GCC_WARN_64_TO_32_BIT_CONVERSION = YES;
				GCC_WARN_ABOUT_RETURN_TYPE = YES_ERROR;
				GCC_WARN_UNDECLARED_SELECTOR = YES;
				GCC_WARN_UNINITIALIZED_AUTOS = YES_AGGRESSIVE;
				GCC_WARN_UNUSED_FUNCTION = YES;
				GCC_WARN_UNUSED_VARIABLE = YES;
				IPHONEOS_DEPLOYMENT_TARGET = 9.1;
				MTL_ENABLE_DEBUG_INFO = YES;
				ONLY_ACTIVE_ARCH = YES;
				SDKROOT = iphoneos;
				SWIFT_OPTIMIZATION_LEVEL = "-Onone";
				TARGETED_DEVICE_FAMILY = "1,2";
			};
			name = Debug;
		};
		9A59BD771BFC4817007780C4 /* Release */ = {
			isa = XCBuildConfiguration;
			buildSettings = {
				ALWAYS_SEARCH_USER_PATHS = NO;
				CLANG_CXX_LANGUAGE_STANDARD = "gnu++0x";
				CLANG_CXX_LIBRARY = "libc++";
				CLANG_ENABLE_MODULES = YES;
				CLANG_ENABLE_OBJC_ARC = YES;
				CLANG_WARN_BOOL_CONVERSION = YES;
				CLANG_WARN_CONSTANT_CONVERSION = YES;
				CLANG_WARN_DIRECT_OBJC_ISA_USAGE = YES_ERROR;
				CLANG_WARN_EMPTY_BODY = YES;
				CLANG_WARN_ENUM_CONVERSION = YES;
				CLANG_WARN_INT_CONVERSION = YES;
				CLANG_WARN_OBJC_ROOT_CLASS = YES_ERROR;
				CLANG_WARN_UNREACHABLE_CODE = YES;
				CLANG_WARN__DUPLICATE_METHOD_MATCH = YES;
				"CODE_SIGN_IDENTITY[sdk=iphoneos*]" = "iPhone Developer";
				COPY_PHASE_STRIP = NO;
				DEBUG_INFORMATION_FORMAT = "dwarf-with-dsym";
				ENABLE_NS_ASSERTIONS = NO;
				ENABLE_STRICT_OBJC_MSGSEND = YES;
				GCC_C_LANGUAGE_STANDARD = gnu99;
				GCC_NO_COMMON_BLOCKS = YES;
				GCC_WARN_64_TO_32_BIT_CONVERSION = YES;
				GCC_WARN_ABOUT_RETURN_TYPE = YES_ERROR;
				GCC_WARN_UNDECLARED_SELECTOR = YES;
				GCC_WARN_UNINITIALIZED_AUTOS = YES_AGGRESSIVE;
				GCC_WARN_UNUSED_FUNCTION = YES;
				GCC_WARN_UNUSED_VARIABLE = YES;
				IPHONEOS_DEPLOYMENT_TARGET = 9.1;
				MTL_ENABLE_DEBUG_INFO = NO;
				SDKROOT = iphoneos;
				TARGETED_DEVICE_FAMILY = "1,2";
				VALIDATE_PRODUCT = YES;
			};
			name = Release;
		};
		9A59BD791BFC4817007780C4 /* Debug */ = {
			isa = XCBuildConfiguration;
			buildSettings = {
				ASSETCATALOG_COMPILER_APPICON_NAME = AppIcon;
				INFOPLIST_FILE = SpinnerStackViewSwift/Info.plist;
				LD_RUNPATH_SEARCH_PATHS = "$(inherited) @executable_path/Frameworks";
				PRODUCT_BUNDLE_IDENTIFIER = com.winfashion.SpinnerStackViewSwift;
				PRODUCT_NAME = "$(TARGET_NAME)";
			};
			name = Debug;
		};
		9A59BD7A1BFC4817007780C4 /* Release */ = {
			isa = XCBuildConfiguration;
			buildSettings = {
				ASSETCATALOG_COMPILER_APPICON_NAME = AppIcon;
				INFOPLIST_FILE = SpinnerStackViewSwift/Info.plist;
				LD_RUNPATH_SEARCH_PATHS = "$(inherited) @executable_path/Frameworks";
				PRODUCT_BUNDLE_IDENTIFIER = com.winfashion.SpinnerStackViewSwift;
				PRODUCT_NAME = "$(TARGET_NAME)";
			};
			name = Release;
		};
		9A59BD7C1BFC4817007780C4 /* Debug */ = {
			isa = XCBuildConfiguration;
			buildSettings = {
				BUNDLE_LOADER = "$(TEST_HOST)";
				INFOPLIST_FILE = SpinnerStackViewSwiftTests/Info.plist;
				LD_RUNPATH_SEARCH_PATHS = "$(inherited) @executable_path/Frameworks @loader_path/Frameworks";
				PRODUCT_BUNDLE_IDENTIFIER = com.winfashion.SpinnerStackViewSwiftTests;
				PRODUCT_NAME = "$(TARGET_NAME)";
				TEST_HOST = "$(BUILT_PRODUCTS_DIR)/SpinnerStackViewSwift.app/SpinnerStackViewSwift";
			};
			name = Debug;
		};
		9A59BD7D1BFC4817007780C4 /* Release */ = {
			isa = XCBuildConfiguration;
			buildSettings = {
				BUNDLE_LOADER = "$(TEST_HOST)";
				INFOPLIST_FILE = SpinnerStackViewSwiftTests/Info.plist;
				LD_RUNPATH_SEARCH_PATHS = "$(inherited) @executable_path/Frameworks @loader_path/Frameworks";
				PRODUCT_BUNDLE_IDENTIFIER = com.winfashion.SpinnerStackViewSwiftTests;
				PRODUCT_NAME = "$(TARGET_NAME)";
				TEST_HOST = "$(BUILT_PRODUCTS_DIR)/SpinnerStackViewSwift.app/SpinnerStackViewSwift";
			};
			name = Release;
		};
		9A59BD7F1BFC4817007780C4 /* Debug */ = {
			isa = XCBuildConfiguration;
			buildSettings = {
				INFOPLIST_FILE = SpinnerStackViewSwiftUITests/Info.plist;
				LD_RUNPATH_SEARCH_PATHS = "$(inherited) @executable_path/Frameworks @loader_path/Frameworks";
				PRODUCT_BUNDLE_IDENTIFIER = com.winfashion.SpinnerStackViewSwiftUITests;
				PRODUCT_NAME = "$(TARGET_NAME)";
				TEST_TARGET_NAME = SpinnerStackViewSwift;
				USES_XCTRUNNER = YES;
			};
			name = Debug;
		};
		9A59BD801BFC4817007780C4 /* Release */ = {
			isa = XCBuildConfiguration;
			buildSettings = {
				INFOPLIST_FILE = SpinnerStackViewSwiftUITests/Info.plist;
				LD_RUNPATH_SEARCH_PATHS = "$(inherited) @executable_path/Frameworks @loader_path/Frameworks";
				PRODUCT_BUNDLE_IDENTIFIER = com.winfashion.SpinnerStackViewSwiftUITests;
				PRODUCT_NAME = "$(TARGET_NAME)";
				TEST_TARGET_NAME = SpinnerStackViewSwift;
				USES_XCTRUNNER = YES;
			};
			name = Release;
		};
/* End XCBuildConfiguration section */

/* Begin XCConfigurationList section */
		9A59BD481BFC4816007780C4 /* Build configuration list for PBXProject "SpinnerStackViewSwift" */ = {
			isa = XCConfigurationList;
			buildConfigurations = (
				9A59BD761BFC4817007780C4 /* Debug */,
				9A59BD771BFC4817007780C4 /* Release */,
			);
			defaultConfigurationIsVisible = 0;
			defaultConfigurationName = Release;
		};
		9A59BD781BFC4817007780C4 /* Build configuration list for PBXNativeTarget "SpinnerStackViewSwift" */ = {
			isa = XCConfigurationList;
			buildConfigurations = (
				9A59BD791BFC4817007780C4 /* Debug */,
				9A59BD7A1BFC4817007780C4 /* Release */,
			);
			defaultConfigurationIsVisible = 0;
		};
		9A59BD7B1BFC4817007780C4 /* Build configuration list for PBXNativeTarget "SpinnerStackViewSwiftTests" */ = {
			isa = XCConfigurationList;
			buildConfigurations = (
				9A59BD7C1BFC4817007780C4 /* Debug */,
				9A59BD7D1BFC4817007780C4 /* Release */,
			);
			defaultConfigurationIsVisible = 0;
		};
		9A59BD7E1BFC4817007780C4 /* Build configuration list for PBXNativeTarget "SpinnerStackViewSwiftUITests" */ = {
			isa = XCConfigurationList;
			buildConfigurations = (
				9A59BD7F1BFC4817007780C4 /* Debug */,
				9A59BD801BFC4817007780C4 /* Release */,
			);
			defaultConfigurationIsVisible = 0;
		};
/* End XCConfigurationList section */

/* Begin XCVersionGroup section */
		9A59BD571BFC4817007780C4 /* SpinnerStackViewSwift.xcdatamodeld */ = {
			isa = XCVersionGroup;
			children = (
				9A59BD581BFC4817007780C4 /* SpinnerStackViewSwift.xcdatamodel */,
			);
			currentVersion = 9A59BD581BFC4817007780C4 /* SpinnerStackViewSwift.xcdatamodel */;
			path = SpinnerStackViewSwift.xcdatamodeld;
			sourceTree = "<group>";
			versionGroupType = wrapper.xcdatamodel;
		};
/* End XCVersionGroup section */
	};
	rootObject = 9A59BD451BFC4816007780C4 /* Project object */;
}
